Microsoft Visual Studio Solution File, Format Version 12.00
# Visual Studio Version 17
VisualStudioVersion = 17.5.2.0
MinimumVisualStudioVersion = 10.0.40219.1
Project("{2150E333-8FDC-42A3-9474-1A3956D46DE8}") = "apps", "apps", "{1787FE1D-075E-9E68-7218-25F1BD1BBEAB}"
EndProject
Project("{2150E333-8FDC-42A3-9474-1A3956D46DE8}") = "api", "api", "{BC2D172B-13BC-136C-CDB1-4B1A687208C4}"
EndProject
Project("{FAE04EC0-301F-11D3-BF4B-00C04F79EFBC}") = "HotelPulse.Api", "apps\api\HotelPulse.Api.csproj", "{612BC743-AE98-6772-1B7A-2B53C8FB7EAE}"
EndProject
Project("{2150E333-8FDC-42A3-9474-1A3956D46DE8}") = "worker", "worker", "{82AC7ADD-723F-E433-2729-6F05EB21E721}"
EndProject
Project("{FAE04EC0-301F-11D3-BF4B-00C04F79EFBC}") = "HotelPulse.Worker", "apps\worker\HotelPulse.Worker.csproj", "{20009EA2-BD4B-0513-4E41-55F1E212DC47}"
EndProject
Global
	GlobalSection(SolutionConfigurationPlatforms) = preSolution
		Debug|Any CPU = Debug|Any CPU
		Release|Any CPU = Release|Any CPU
	EndGlobalSection
	GlobalSection(ProjectConfigurationPlatforms) = postSolution
		{612BC743-AE98-6772-1B7A-2B53C8FB7EAE}.Debug|Any CPU.ActiveCfg = Debug|Any CPU
		{612BC743-AE98-6772-1B7A-2B53C8FB7EAE}.Debug|Any CPU.Build.0 = Debug|Any CPU
		{612BC743-AE98-6772-1B7A-2B53C8FB7EAE}.Release|Any CPU.ActiveCfg = Release|Any CPU
		{612BC743-AE98-6772-1B7A-2B53C8FB7EAE}.Release|Any CPU.Build.0 = Release|Any CPU
		{20009EA2-BD4B-0513-4E41-55F1E212DC47}.Debug|Any CPU.ActiveCfg = Debug|Any CPU
		{20009EA2-BD4B-0513-4E41-55F1E212DC47}.Debug|Any CPU.Build.0 = Debug|Any CPU
		{20009EA2-BD4B-0513-4E41-55F1E212DC47}.Release|Any CPU.ActiveCfg = Release|Any CPU
		{20009EA2-BD4B-0513-4E41-55F1E212DC47}.Release|Any CPU.Build.0 = Release|Any CPU
	EndGlobalSection
	GlobalSection(SolutionProperties) = preSolution
		HideSolutionNode = FALSE
	EndGlobalSection
	GlobalSection(NestedProjects) = preSolution
		{BC2D172B-13BC-136C-CDB1-4B1A687208C4} = {1787FE1D-075E-9E68-7218-25F1BD1BBEAB}
		{612BC743-AE98-6772-1B7A-2B53C8FB7EAE} = {BC2D172B-13BC-136C-CDB1-4B1A687208C4}
		{82AC7ADD-723F-E433-2729-6F05EB21E721} = {1787FE1D-075E-9E68-7218-25F1BD1BBEAB}
		{20009EA2-BD4B-0513-4E41-55F1E212DC47} = {82AC7ADD-723F-E433-2729-6F05EB21E721}
	EndGlobalSection
	GlobalSection(ExtensibilityGlobals) = postSolution
		SolutionGuid = {59D9526D-C8FC-4B1A-8266-4E8F18A1DA1D}
	EndGlobalSection
EndGlobal
